
Microsoft Visual Studio Solution File, Format Version 12.00
# Visual Studio Version 17
VisualStudioVersion = 17.5.002.0
MinimumVisualStudioVersion = 10.0.40219.1
Project("{9A19103F-16F7-4668-BE54-9A1E7A4F7556}") = "SmartHomeTEC_API", "SmartHomeTEC_API\SmartHomeTEC_API.csproj", "{8E670393-6192-4087-B8E9-C9D3DC237652}"
EndProject
Global
	GlobalSection(SolutionConfigurationPlatforms) = preSolution
		Debug|Any CPU = Debug|Any CPU
		Release|Any CPU = Release|Any CPU
	EndGlobalSection
	GlobalSection(ProjectConfigurationPlatforms) = postSolution
		{8E670393-6192-4087-B8E9-C9D3DC237652}.Debug|Any CPU.ActiveCfg = Debug|Any CPU
		{8E670393-6192-4087-B8E9-C9D3DC237652}.Debug|Any CPU.Build.0 = Debug|Any CPU
		{8E670393-6192-4087-B8E9-C9D3DC237652}.Release|Any CPU.ActiveCfg = Release|Any CPU
		{8E670393-6192-4087-B8E9-C9D3DC237652}.Release|Any CPU.Build.0 = Release|Any CPU
	EndGlobalSection
	GlobalSection(SolutionProperties) = preSolution
		HideSolutionNode = FALSE
	EndGlobalSection
	GlobalSection(ExtensibilityGlobals) = postSolution
		SolutionGuid = {EB4E7F7E-6A49-4AC0-BF8B-82C2BAD8588B}
	EndGlobalSection
EndGlobal
